// !$*UTF8*$!
{
	archiveVersion = 1;
	classes = {
	};
	objectVersion = 56;
	objects = {

/* Begin PBXBuildFile section */
		1EE09DFC052BD9BC50548CAD /* Pods_CRSTests.framework in Frameworks */ = {isa = PBXBuildFile; fileRef = D95B057021D45B8A8B0B42A9 /* Pods_CRSTests.framework */; };
		25A84230BB2FA15CA4A44BDF /* Pods_CRS.framework in Frameworks */ = {isa = PBXBuildFile; fileRef = C27CBC3483B056B3A5C9F0F2 /* Pods_CRS.framework */; };
		6F6A3B9EACA8A75DBFD818AF /* Pods_CRS_CRSUITests.framework in Frameworks */ = {isa = PBXBuildFile; fileRef = 4C84FEC79DE0AD945AF80DC2 /* Pods_CRS_CRSUITests.framework */; };
		7F0AAABD2939456100454371 /* Company.swift in Sources */ = {isa = PBXBuildFile; fileRef = 7F0AAABC2939456100454371 /* Company.swift */; };
		7F0AAAC02939483600454371 /* HomeViewController.swift in Sources */ = {isa = PBXBuildFile; fileRef = 7F0AAABE2939483600454371 /* HomeViewController.swift */; };
		7F0AAAC32939598B00454371 /* GoogleService-Info.plist in Resources */ = {isa = PBXBuildFile; fileRef = 7F0AAAC22939598B00454371 /* GoogleService-Info.plist */; };
		7F0AAAC5293A1FAF00454371 /* Product.swift in Sources */ = {isa = PBXBuildFile; fileRef = 7F0AAAC4293A1FAF00454371 /* Product.swift */; };
		7F0AAAC7293A218600454371 /* Manager.swift in Sources */ = {isa = PBXBuildFile; fileRef = 7F0AAAC6293A218600454371 /* Manager.swift */; };
		7F0AAAC9293A22C900454371 /* Customer.swift in Sources */ = {isa = PBXBuildFile; fileRef = 7F0AAAC8293A22C900454371 /* Customer.swift */; };
		7F0AAACB293A244700454371 /* Account.swift in Sources */ = {isa = PBXBuildFile; fileRef = 7F0AAACA293A244700454371 /* Account.swift */; };
		7F0AAACD293A24FF00454371 /* Key.swift in Sources */ = {isa = PBXBuildFile; fileRef = 7F0AAACC293A24FF00454371 /* Key.swift */; };
		7F0AAACF293A25AA00454371 /* Pharmacy.swift in Sources */ = {isa = PBXBuildFile; fileRef = 7F0AAACE293A25AA00454371 /* Pharmacy.swift */; };
		7F0AAAD3293A3DEF00454371 /* SideMenuViewController.swift in Sources */ = {isa = PBXBuildFile; fileRef = 7F0AAAD2293A3DEF00454371 /* SideMenuViewController.swift */; };
		7F0AAAD5293A475A00454371 /* UICollectionView+Extensions.swift in Sources */ = {isa = PBXBuildFile; fileRef = 7F0AAAD4293A475A00454371 /* UICollectionView+Extensions.swift */; };
		7F0AAAD7293A485900454371 /* UITableView+Extensions.swift in Sources */ = {isa = PBXBuildFile; fileRef = 7F0AAAD6293A485900454371 /* UITableView+Extensions.swift */; };
		7F116A192933DF0F00683729 /* URLSession+Extensions.swift in Sources */ = {isa = PBXBuildFile; fileRef = 7F116A182933DF0F00683729 /* URLSession+Extensions.swift */; };
		7F15F3932930CB35009BD8D0 /* ErrorMessage.swift in Sources */ = {isa = PBXBuildFile; fileRef = 7F15F3922930CB35009BD8D0 /* ErrorMessage.swift */; };
		7F15F3952930CB4E009BD8D0 /* EndPoint.swift in Sources */ = {isa = PBXBuildFile; fileRef = 7F15F3942930CB4E009BD8D0 /* EndPoint.swift */; };
		7F15F3972930CB54009BD8D0 /* NetworkServiceMock.swift in Sources */ = {isa = PBXBuildFile; fileRef = 7F15F3962930CB54009BD8D0 /* NetworkServiceMock.swift */; };
		7F15F3992930CB5B009BD8D0 /* API.swift in Sources */ = {isa = PBXBuildFile; fileRef = 7F15F3982930CB5B009BD8D0 /* API.swift */; };
		7F15F39E2930CC4F009BD8D0 /* AuthenticationViewController.swift in Sources */ = {isa = PBXBuildFile; fileRef = 7F15F39C2930CC4F009BD8D0 /* AuthenticationViewController.swift */; };
		7F15F39F2930CC4F009BD8D0 /* AuthenticationViewController.xib in Resources */ = {isa = PBXBuildFile; fileRef = 7F15F39D2930CC4F009BD8D0 /* AuthenticationViewController.xib */; };
		7F4182632932856E0055DC7B /* UIViewController+Extensions.swift in Sources */ = {isa = PBXBuildFile; fileRef = 7F4182622932856E0055DC7B /* UIViewController+Extensions.swift */; };
		7F418265293290120055DC7B /* User.swift in Sources */ = {isa = PBXBuildFile; fileRef = 7F418264293290120055DC7B /* User.swift */; };
		7F427633293FE990006B063C /* AccountsCD+CoreDataClass.swift in Sources */ = {isa = PBXBuildFile; fileRef = 7F427631293FE98F006B063C /* AccountsCD+CoreDataClass.swift */; };
		7F427634293FE990006B063C /* AccountsCD+CoreDataProperties.swift in Sources */ = {isa = PBXBuildFile; fileRef = 7F427632293FE990006B063C /* AccountsCD+CoreDataProperties.swift */; };
		7F593797293BDC6B00FFF055 /* SideMenuTableViewCell.swift in Sources */ = {isa = PBXBuildFile; fileRef = 7F593795293BDC6B00FFF055 /* SideMenuTableViewCell.swift */; };
		7F593798293BDC6B00FFF055 /* SideMenuTableViewCell.xib in Resources */ = {isa = PBXBuildFile; fileRef = 7F593796293BDC6B00FFF055 /* SideMenuTableViewCell.xib */; };
		7F7EA3F4293E92F600E72E49 /* CustomersViewController.swift in Sources */ = {isa = PBXBuildFile; fileRef = 7F7EA3F2293E92F600E72E49 /* CustomersViewController.swift */; };
		7F7EA3F5293E92F600E72E49 /* CustomersViewController.xib in Resources */ = {isa = PBXBuildFile; fileRef = 7F7EA3F3293E92F600E72E49 /* CustomersViewController.xib */; };
		7F7EA3F8293E933700E72E49 /* AccountsViewController.swift in Sources */ = {isa = PBXBuildFile; fileRef = 7F7EA3F6293E933700E72E49 /* AccountsViewController.swift */; };
		7F7EA3F9293E933700E72E49 /* AccountsViewController.xib in Resources */ = {isa = PBXBuildFile; fileRef = 7F7EA3F7293E933700E72E49 /* AccountsViewController.xib */; };
		7F7EA3FD293E942200E72E49 /* ReportsViewController.swift in Sources */ = {isa = PBXBuildFile; fileRef = 7F7EA3FB293E942200E72E49 /* ReportsViewController.swift */; };
		7F7EA3FE293E942200E72E49 /* ReportsViewController.xib in Resources */ = {isa = PBXBuildFile; fileRef = 7F7EA3FC293E942200E72E49 /* ReportsViewController.xib */; };
		7F7EA401293E94BB00E72E49 /* ProspectionToolViewController.swift in Sources */ = {isa = PBXBuildFile; fileRef = 7F7EA3FF293E94BB00E72E49 /* ProspectionToolViewController.swift */; };
		7F7EA402293E94BB00E72E49 /* ProspectionToolViewController.xib in Resources */ = {isa = PBXBuildFile; fileRef = 7F7EA400293E94BB00E72E49 /* ProspectionToolViewController.xib */; };
		7F7EA406293E959400E72E49 /* RefreshViewController.swift in Sources */ = {isa = PBXBuildFile; fileRef = 7F7EA404293E959400E72E49 /* RefreshViewController.swift */; };
		7F7EA407293E959400E72E49 /* RefreshViewController.xib in Resources */ = {isa = PBXBuildFile; fileRef = 7F7EA405293E959400E72E49 /* RefreshViewController.xib */; };
		7F7EA409293E9A0500E72E49 /* CoreDataManager.swift in Sources */ = {isa = PBXBuildFile; fileRef = 7F7EA408293E9A0500E72E49 /* CoreDataManager.swift */; };
		7F7EA40D293EB34300E72E49 /* SearchResultViewController.swift in Sources */ = {isa = PBXBuildFile; fileRef = 7F7EA40B293EB34300E72E49 /* SearchResultViewController.swift */; };
		7F7EA40E293EB34300E72E49 /* SearchResultViewController.xib in Resources */ = {isa = PBXBuildFile; fileRef = 7F7EA40C293EB34300E72E49 /* SearchResultViewController.xib */; };
		7F7EA412293EB51000E72E49 /* CustomerTableViewCell.swift in Sources */ = {isa = PBXBuildFile; fileRef = 7F7EA410293EB51000E72E49 /* CustomerTableViewCell.swift */; };
		7F7EA413293EB51000E72E49 /* CustomerTableViewCell.xib in Resources */ = {isa = PBXBuildFile; fileRef = 7F7EA411293EB51000E72E49 /* CustomerTableViewCell.xib */; };
		7FA939C82946698900AF3A33 /* ReportTableViewCell.swift in Sources */ = {isa = PBXBuildFile; fileRef = 7FA939C62946698900AF3A33 /* ReportTableViewCell.swift */; };
		7FA939C92946698900AF3A33 /* ReportTableViewCell.xib in Resources */ = {isa = PBXBuildFile; fileRef = 7FA939C72946698900AF3A33 /* ReportTableViewCell.xib */; };
		7FA939CD294678C200AF3A33 /* AddViewController.swift in Sources */ = {isa = PBXBuildFile; fileRef = 7FA939CB294678C200AF3A33 /* AddViewController.swift */; };
		7FA939CE294678C200AF3A33 /* AddViewController.xib in Resources */ = {isa = PBXBuildFile; fileRef = 7FA939CC294678C200AF3A33 /* AddViewController.xib */; };
		7FC5CADB292A0B07000D228A /* AppDelegate.swift in Sources */ = {isa = PBXBuildFile; fileRef = 7FC5CADA292A0B07000D228A /* AppDelegate.swift */; };
		7FC5CADF292A0B07000D228A /* ViewController.swift in Sources */ = {isa = PBXBuildFile; fileRef = 7FC5CADE292A0B07000D228A /* ViewController.swift */; };
		7FC5CAE2292A0B07000D228A /* Main.storyboard in Resources */ = {isa = PBXBuildFile; fileRef = 7FC5CAE0292A0B07000D228A /* Main.storyboard */; };
		7FC5CAE5292A0B07000D228A /* CRS.xcdatamodeld in Sources */ = {isa = PBXBuildFile; fileRef = 7FC5CAE3292A0B07000D228A /* CRS.xcdatamodeld */; };
		7FC5CAE7292A0B08000D228A /* Assets.xcassets in Resources */ = {isa = PBXBuildFile; fileRef = 7FC5CAE6292A0B08000D228A /* Assets.xcassets */; };
		7FC5CAEA292A0B08000D228A /* LaunchScreen.storyboard in Resources */ = {isa = PBXBuildFile; fileRef = 7FC5CAE8292A0B08000D228A /* LaunchScreen.storyboard */; };
		7FC5CAF5292A0B08000D228A /* CRSTests.swift in Sources */ = {isa = PBXBuildFile; fileRef = 7FC5CAF4292A0B08000D228A /* CRSTests.swift */; };
		7FC5CAFF292A0B09000D228A /* CRSUITests.swift in Sources */ = {isa = PBXBuildFile; fileRef = 7FC5CAFE292A0B09000D228A /* CRSUITests.swift */; };
		7FC5CB01292A0B09000D228A /* CRSUITestsLaunchTests.swift in Sources */ = {isa = PBXBuildFile; fileRef = 7FC5CB00292A0B09000D228A /* CRSUITestsLaunchTests.swift */; };
		7FDC0F5A293FD5880025D3DC /* ManagerCD+CoreDataProperties.swift in Sources */ = {isa = PBXBuildFile; fileRef = 7FDC0F50293FD5830025D3DC /* ManagerCD+CoreDataProperties.swift */; };
		7FDC0F5B293FD5880025D3DC /* ProductCD+CoreDataProperties.swift in Sources */ = {isa = PBXBuildFile; fileRef = 7FDC0F51293FD5840025D3DC /* ProductCD+CoreDataProperties.swift */; };
		7FDC0F5C293FD5880025D3DC /* PharmacyCD+CoreDataProperties.swift in Sources */ = {isa = PBXBuildFile; fileRef = 7FDC0F52293FD5840025D3DC /* PharmacyCD+CoreDataProperties.swift */; };
		7FDC0F5D293FD5880025D3DC /* CustomerCD+CoreDataProperties.swift in Sources */ = {isa = PBXBuildFile; fileRef = 7FDC0F53293FD5840025D3DC /* CustomerCD+CoreDataProperties.swift */; };
		7FDC0F5E293FD5880025D3DC /* KeyCD+CoreDataClass.swift in Sources */ = {isa = PBXBuildFile; fileRef = 7FDC0F54293FD5850025D3DC /* KeyCD+CoreDataClass.swift */; };
		7FDC0F5F293FD5880025D3DC /* KeyCD+CoreDataProperties.swift in Sources */ = {isa = PBXBuildFile; fileRef = 7FDC0F55293FD5850025D3DC /* KeyCD+CoreDataProperties.swift */; };
		7FDC0F60293FD5880025D3DC /* ProductCD+CoreDataClass.swift in Sources */ = {isa = PBXBuildFile; fileRef = 7FDC0F56293FD5860025D3DC /* ProductCD+CoreDataClass.swift */; };
		7FDC0F61293FD5880025D3DC /* CustomerCD+CoreDataClass.swift in Sources */ = {isa = PBXBuildFile; fileRef = 7FDC0F57293FD5860025D3DC /* CustomerCD+CoreDataClass.swift */; };
		7FDC0F62293FD5880025D3DC /* PharmacyCD+CoreDataClass.swift in Sources */ = {isa = PBXBuildFile; fileRef = 7FDC0F58293FD5870025D3DC /* PharmacyCD+CoreDataClass.swift */; };
		7FDC0F63293FD5880025D3DC /* ManagerCD+CoreDataClass.swift in Sources */ = {isa = PBXBuildFile; fileRef = 7FDC0F59293FD5870025D3DC /* ManagerCD+CoreDataClass.swift */; };
		7FDC0F65293FD8E70025D3DC /* AccountCoreDataManager.swift in Sources */ = {isa = PBXBuildFile; fileRef = 7FDC0F64293FD8E70025D3DC /* AccountCoreDataManager.swift */; };
		7FDC0F67293FD9040025D3DC /* PharmacyCoreDataManager.swift in Sources */ = {isa = PBXBuildFile; fileRef = 7FDC0F66293FD9040025D3DC /* PharmacyCoreDataManager.swift */; };
		7FDC0F69293FDB630025D3DC /* KeyCoreDataManager.swift in Sources */ = {isa = PBXBuildFile; fileRef = 7FDC0F68293FDB630025D3DC /* KeyCoreDataManager.swift */; };
		7FDC0F6B293FDC730025D3DC /* CustomerCoreDataManager.swift in Sources */ = {isa = PBXBuildFile; fileRef = 7FDC0F6A293FDC730025D3DC /* CustomerCoreDataManager.swift */; };
		7FDC0F77293FDF920025D3DC /* ProductCoreDataManager.swift in Sources */ = {isa = PBXBuildFile; fileRef = 7FDC0F76293FDF920025D3DC /* ProductCoreDataManager.swift */; };
		7FDC0F79293FE0460025D3DC /* ManagerCoreDataManager.swift in Sources */ = {isa = PBXBuildFile; fileRef = 7FDC0F78293FE0460025D3DC /* ManagerCoreDataManager.swift */; };
		7FDD590C2943813E00EE969B /* ProspectionTableViewCell.swift in Sources */ = {isa = PBXBuildFile; fileRef = 7FDD590A2943813E00EE969B /* ProspectionTableViewCell.swift */; };
		7FDD590D2943813E00EE969B /* ProspectionTableViewCell.xib in Resources */ = {isa = PBXBuildFile; fileRef = 7FDD590B2943813E00EE969B /* ProspectionTableViewCell.xib */; };
		7FE7D9022934221700F52352 /* LoginViewController.swift in Sources */ = {isa = PBXBuildFile; fileRef = 7FE7D9002934221700F52352 /* LoginViewController.swift */; };
		7FE7D9032934221700F52352 /* LoginViewController.xib in Resources */ = {isa = PBXBuildFile; fileRef = 7FE7D9012934221700F52352 /* LoginViewController.xib */; };
/* End PBXBuildFile section */

/* Begin PBXContainerItemProxy section */
		7FC5CAF1292A0B08000D228A /* PBXContainerItemProxy */ = {
			isa = PBXContainerItemProxy;
			containerPortal = 7FC5CACF292A0B07000D228A /* Project object */;
			proxyType = 1;
			remoteGlobalIDString = 7FC5CAD6292A0B07000D228A;
			remoteInfo = CRS;
		};
		7FC5CAFB292A0B09000D228A /* PBXContainerItemProxy */ = {
			isa = PBXContainerItemProxy;
			containerPortal = 7FC5CACF292A0B07000D228A /* Project object */;
			proxyType = 1;
			remoteGlobalIDString = 7FC5CAD6292A0B07000D228A;
			remoteInfo = CRS;
		};
/* End PBXContainerItemProxy section */

/* Begin PBXFileReference section */
		0E48B748772BC7EFF8BF15EE /* Pods-CRSTests.debug.xcconfig */ = {isa = PBXFileReference; includeInIndex = 1; lastKnownFileType = text.xcconfig; name = "Pods-CRSTests.debug.xcconfig"; path = "Target Support Files/Pods-CRSTests/Pods-CRSTests.debug.xcconfig"; sourceTree = "<group>"; };
		4C84FEC79DE0AD945AF80DC2 /* Pods_CRS_CRSUITests.framework */ = {isa = PBXFileReference; explicitFileType = wrapper.framework; includeInIndex = 0; path = Pods_CRS_CRSUITests.framework; sourceTree = BUILT_PRODUCTS_DIR; };
		54F744207208F354C42CFE8E /* Pods-CRS.debug.xcconfig */ = {isa = PBXFileReference; includeInIndex = 1; lastKnownFileType = text.xcconfig; name = "Pods-CRS.debug.xcconfig"; path = "Target Support Files/Pods-CRS/Pods-CRS.debug.xcconfig"; sourceTree = "<group>"; };
		7F0AAABC2939456100454371 /* Company.swift */ = {isa = PBXFileReference; lastKnownFileType = sourcecode.swift; path = Company.swift; sourceTree = "<group>"; };
		7F0AAABE2939483600454371 /* HomeViewController.swift */ = {isa = PBXFileReference; lastKnownFileType = sourcecode.swift; path = HomeViewController.swift; sourceTree = "<group>"; };
		7F0AAAC22939598B00454371 /* GoogleService-Info.plist */ = {isa = PBXFileReference; fileEncoding = 4; lastKnownFileType = text.plist.xml; path = "GoogleService-Info.plist"; sourceTree = "<group>"; };
		7F0AAAC4293A1FAF00454371 /* Product.swift */ = {isa = PBXFileReference; lastKnownFileType = sourcecode.swift; path = Product.swift; sourceTree = "<group>"; };
		7F0AAAC6293A218600454371 /* Manager.swift */ = {isa = PBXFileReference; lastKnownFileType = sourcecode.swift; path = Manager.swift; sourceTree = "<group>"; };
		7F0AAAC8293A22C900454371 /* Customer.swift */ = {isa = PBXFileReference; lastKnownFileType = sourcecode.swift; path = Customer.swift; sourceTree = "<group>"; };
		7F0AAACA293A244700454371 /* Account.swift */ = {isa = PBXFileReference; lastKnownFileType = sourcecode.swift; path = Account.swift; sourceTree = "<group>"; };
		7F0AAACC293A24FF00454371 /* Key.swift */ = {isa = PBXFileReference; lastKnownFileType = sourcecode.swift; path = Key.swift; sourceTree = "<group>"; };
		7F0AAACE293A25AA00454371 /* Pharmacy.swift */ = {isa = PBXFileReference; lastKnownFileType = sourcecode.swift; path = Pharmacy.swift; sourceTree = "<group>"; };
		7F0AAAD2293A3DEF00454371 /* SideMenuViewController.swift */ = {isa = PBXFileReference; lastKnownFileType = sourcecode.swift; path = SideMenuViewController.swift; sourceTree = "<group>"; };
		7F0AAAD4293A475A00454371 /* UICollectionView+Extensions.swift */ = {isa = PBXFileReference; fileEncoding = 4; lastKnownFileType = sourcecode.swift; path = "UICollectionView+Extensions.swift"; sourceTree = "<group>"; };
		7F0AAAD6293A485900454371 /* UITableView+Extensions.swift */ = {isa = PBXFileReference; lastKnownFileType = sourcecode.swift; path = "UITableView+Extensions.swift"; sourceTree = "<group>"; };
		7F116A182933DF0F00683729 /* URLSession+Extensions.swift */ = {isa = PBXFileReference; lastKnownFileType = sourcecode.swift; path = "URLSession+Extensions.swift"; sourceTree = "<group>"; };
		7F15F3922930CB35009BD8D0 /* ErrorMessage.swift */ = {isa = PBXFileReference; fileEncoding = 4; lastKnownFileType = sourcecode.swift; path = ErrorMessage.swift; sourceTree = "<group>"; };
		7F15F3942930CB4E009BD8D0 /* EndPoint.swift */ = {isa = PBXFileReference; fileEncoding = 4; lastKnownFileType = sourcecode.swift; path = EndPoint.swift; sourceTree = "<group>"; };
		7F15F3962930CB54009BD8D0 /* NetworkServiceMock.swift */ = {isa = PBXFileReference; fileEncoding = 4; lastKnownFileType = sourcecode.swift; path = NetworkServiceMock.swift; sourceTree = "<group>"; };
		7F15F3982930CB5B009BD8D0 /* API.swift */ = {isa = PBXFileReference; fileEncoding = 4; lastKnownFileType = sourcecode.swift; path = API.swift; sourceTree = "<group>"; };
		7F15F39C2930CC4F009BD8D0 /* AuthenticationViewController.swift */ = {isa = PBXFileReference; lastKnownFileType = sourcecode.swift; path = AuthenticationViewController.swift; sourceTree = "<group>"; };
		7F15F39D2930CC4F009BD8D0 /* AuthenticationViewController.xib */ = {isa = PBXFileReference; lastKnownFileType = file.xib; path = AuthenticationViewController.xib; sourceTree = "<group>"; };
		7F4182622932856E0055DC7B /* UIViewController+Extensions.swift */ = {isa = PBXFileReference; lastKnownFileType = sourcecode.swift; path = "UIViewController+Extensions.swift"; sourceTree = "<group>"; };
		7F418264293290120055DC7B /* User.swift */ = {isa = PBXFileReference; lastKnownFileType = sourcecode.swift; path = User.swift; sourceTree = "<group>"; };
		7F427631293FE98F006B063C /* AccountsCD+CoreDataClass.swift */ = {isa = PBXFileReference; lastKnownFileType = sourcecode.swift; path = "AccountsCD+CoreDataClass.swift"; sourceTree = "<group>"; };
		7F427632293FE990006B063C /* AccountsCD+CoreDataProperties.swift */ = {isa = PBXFileReference; lastKnownFileType = sourcecode.swift; path = "AccountsCD+CoreDataProperties.swift"; sourceTree = "<group>"; };
		7F593795293BDC6B00FFF055 /* SideMenuTableViewCell.swift */ = {isa = PBXFileReference; lastKnownFileType = sourcecode.swift; path = SideMenuTableViewCell.swift; sourceTree = "<group>"; };
		7F593796293BDC6B00FFF055 /* SideMenuTableViewCell.xib */ = {isa = PBXFileReference; lastKnownFileType = file.xib; path = SideMenuTableViewCell.xib; sourceTree = "<group>"; };
		7F7EA3F2293E92F600E72E49 /* CustomersViewController.swift */ = {isa = PBXFileReference; lastKnownFileType = sourcecode.swift; path = CustomersViewController.swift; sourceTree = "<group>"; };
		7F7EA3F3293E92F600E72E49 /* CustomersViewController.xib */ = {isa = PBXFileReference; lastKnownFileType = file.xib; path = CustomersViewController.xib; sourceTree = "<group>"; };
		7F7EA3F6293E933700E72E49 /* AccountsViewController.swift */ = {isa = PBXFileReference; lastKnownFileType = sourcecode.swift; path = AccountsViewController.swift; sourceTree = "<group>"; };
		7F7EA3F7293E933700E72E49 /* AccountsViewController.xib */ = {isa = PBXFileReference; lastKnownFileType = file.xib; path = AccountsViewController.xib; sourceTree = "<group>"; };
		7F7EA3FB293E942200E72E49 /* ReportsViewController.swift */ = {isa = PBXFileReference; lastKnownFileType = sourcecode.swift; path = ReportsViewController.swift; sourceTree = "<group>"; };
		7F7EA3FC293E942200E72E49 /* ReportsViewController.xib */ = {isa = PBXFileReference; lastKnownFileType = file.xib; path = ReportsViewController.xib; sourceTree = "<group>"; };
		7F7EA3FF293E94BB00E72E49 /* ProspectionToolViewController.swift */ = {isa = PBXFileReference; lastKnownFileType = sourcecode.swift; path = ProspectionToolViewController.swift; sourceTree = "<group>"; };
		7F7EA400293E94BB00E72E49 /* ProspectionToolViewController.xib */ = {isa = PBXFileReference; lastKnownFileType = file.xib; path = ProspectionToolViewController.xib; sourceTree = "<group>"; };
		7F7EA404293E959400E72E49 /* RefreshViewController.swift */ = {isa = PBXFileReference; lastKnownFileType = sourcecode.swift; path = RefreshViewController.swift; sourceTree = "<group>"; };
		7F7EA405293E959400E72E49 /* RefreshViewController.xib */ = {isa = PBXFileReference; lastKnownFileType = file.xib; path = RefreshViewController.xib; sourceTree = "<group>"; };
		7F7EA408293E9A0500E72E49 /* CoreDataManager.swift */ = {isa = PBXFileReference; lastKnownFileType = sourcecode.swift; path = CoreDataManager.swift; sourceTree = "<group>"; };
		7F7EA40B293EB34300E72E49 /* SearchResultViewController.swift */ = {isa = PBXFileReference; lastKnownFileType = sourcecode.swift; path = SearchResultViewController.swift; sourceTree = "<group>"; };
		7F7EA40C293EB34300E72E49 /* SearchResultViewController.xib */ = {isa = PBXFileReference; lastKnownFileType = file.xib; path = SearchResultViewController.xib; sourceTree = "<group>"; };
		7F7EA410293EB51000E72E49 /* CustomerTableViewCell.swift */ = {isa = PBXFileReference; lastKnownFileType = sourcecode.swift; path = CustomerTableViewCell.swift; sourceTree = "<group>"; };
		7F7EA411293EB51000E72E49 /* CustomerTableViewCell.xib */ = {isa = PBXFileReference; lastKnownFileType = file.xib; path = CustomerTableViewCell.xib; sourceTree = "<group>"; };
		7FA939C62946698900AF3A33 /* ReportTableViewCell.swift */ = {isa = PBXFileReference; lastKnownFileType = sourcecode.swift; path = ReportTableViewCell.swift; sourceTree = "<group>"; };
		7FA939C72946698900AF3A33 /* ReportTableViewCell.xib */ = {isa = PBXFileReference; lastKnownFileType = file.xib; path = ReportTableViewCell.xib; sourceTree = "<group>"; };
		7FA939CB294678C200AF3A33 /* AddViewController.swift */ = {isa = PBXFileReference; lastKnownFileType = sourcecode.swift; path = AddViewController.swift; sourceTree = "<group>"; };
		7FA939CC294678C200AF3A33 /* AddViewController.xib */ = {isa = PBXFileReference; lastKnownFileType = file.xib; path = AddViewController.xib; sourceTree = "<group>"; };
		7FC5CAD7292A0B07000D228A /* CRS.app */ = {isa = PBXFileReference; explicitFileType = wrapper.application; includeInIndex = 0; path = CRS.app; sourceTree = BUILT_PRODUCTS_DIR; };
		7FC5CADA292A0B07000D228A /* AppDelegate.swift */ = {isa = PBXFileReference; lastKnownFileType = sourcecode.swift; path = AppDelegate.swift; sourceTree = "<group>"; };
		7FC5CADE292A0B07000D228A /* ViewController.swift */ = {isa = PBXFileReference; lastKnownFileType = sourcecode.swift; path = ViewController.swift; sourceTree = "<group>"; };
		7FC5CAE1292A0B07000D228A /* Base */ = {isa = PBXFileReference; lastKnownFileType = file.storyboard; name = Base; path = Base.lproj/Main.storyboard; sourceTree = "<group>"; };
		7FC5CAE4292A0B07000D228A /* CRS.xcdatamodel */ = {isa = PBXFileReference; lastKnownFileType = wrapper.xcdatamodel; path = CRS.xcdatamodel; sourceTree = "<group>"; };
		7FC5CAE6292A0B08000D228A /* Assets.xcassets */ = {isa = PBXFileReference; lastKnownFileType = folder.assetcatalog; path = Assets.xcassets; sourceTree = "<group>"; };
		7FC5CAE9292A0B08000D228A /* Base */ = {isa = PBXFileReference; lastKnownFileType = file.storyboard; name = Base; path = Base.lproj/LaunchScreen.storyboard; sourceTree = "<group>"; };
		7FC5CAEB292A0B08000D228A /* Info.plist */ = {isa = PBXFileReference; lastKnownFileType = text.plist.xml; path = Info.plist; sourceTree = "<group>"; };
		7FC5CAF0292A0B08000D228A /* CRSTests.xctest */ = {isa = PBXFileReference; explicitFileType = wrapper.cfbundle; includeInIndex = 0; path = CRSTests.xctest; sourceTree = BUILT_PRODUCTS_DIR; };
		7FC5CAF4292A0B08000D228A /* CRSTests.swift */ = {isa = PBXFileReference; lastKnownFileType = sourcecode.swift; path = CRSTests.swift; sourceTree = "<group>"; };
		7FC5CAFA292A0B09000D228A /* CRSUITests.xctest */ = {isa = PBXFileReference; explicitFileType = wrapper.cfbundle; includeInIndex = 0; path = CRSUITests.xctest; sourceTree = BUILT_PRODUCTS_DIR; };
		7FC5CAFE292A0B09000D228A /* CRSUITests.swift */ = {isa = PBXFileReference; lastKnownFileType = sourcecode.swift; path = CRSUITests.swift; sourceTree = "<group>"; };
		7FC5CB00292A0B09000D228A /* CRSUITestsLaunchTests.swift */ = {isa = PBXFileReference; lastKnownFileType = sourcecode.swift; path = CRSUITestsLaunchTests.swift; sourceTree = "<group>"; };
		7FDC0F50293FD5830025D3DC /* ManagerCD+CoreDataProperties.swift */ = {isa = PBXFileReference; fileEncoding = 4; lastKnownFileType = sourcecode.swift; path = "ManagerCD+CoreDataProperties.swift"; sourceTree = "<group>"; };
		7FDC0F51293FD5840025D3DC /* ProductCD+CoreDataProperties.swift */ = {isa = PBXFileReference; fileEncoding = 4; lastKnownFileType = sourcecode.swift; path = "ProductCD+CoreDataProperties.swift"; sourceTree = "<group>"; };
		7FDC0F52293FD5840025D3DC /* PharmacyCD+CoreDataProperties.swift */ = {isa = PBXFileReference; fileEncoding = 4; lastKnownFileType = sourcecode.swift; path = "PharmacyCD+CoreDataProperties.swift"; sourceTree = "<group>"; };
		7FDC0F53293FD5840025D3DC /* CustomerCD+CoreDataProperties.swift */ = {isa = PBXFileReference; fileEncoding = 4; lastKnownFileType = sourcecode.swift; path = "CustomerCD+CoreDataProperties.swift"; sourceTree = "<group>"; };
		7FDC0F54293FD5850025D3DC /* KeyCD+CoreDataClass.swift */ = {isa = PBXFileReference; fileEncoding = 4; lastKnownFileType = sourcecode.swift; path = "KeyCD+CoreDataClass.swift"; sourceTree = "<group>"; };
		7FDC0F55293FD5850025D3DC /* KeyCD+CoreDataProperties.swift */ = {isa = PBXFileReference; fileEncoding = 4; lastKnownFileType = sourcecode.swift; path = "KeyCD+CoreDataProperties.swift"; sourceTree = "<group>"; };
		7FDC0F56293FD5860025D3DC /* ProductCD+CoreDataClass.swift */ = {isa = PBXFileReference; fileEncoding = 4; lastKnownFileType = sourcecode.swift; path = "ProductCD+CoreDataClass.swift"; sourceTree = "<group>"; };
		7FDC0F57293FD5860025D3DC /* CustomerCD+CoreDataClass.swift */ = {isa = PBXFileReference; fileEncoding = 4; lastKnownFileType = sourcecode.swift; path = "CustomerCD+CoreDataClass.swift"; sourceTree = "<group>"; };
		7FDC0F58293FD5870025D3DC /* PharmacyCD+CoreDataClass.swift */ = {isa = PBXFileReference; fileEncoding = 4; lastKnownFileType = sourcecode.swift; path = "PharmacyCD+CoreDataClass.swift"; sourceTree = "<group>"; };
		7FDC0F59293FD5870025D3DC /* ManagerCD+CoreDataClass.swift */ = {isa = PBXFileReference; fileEncoding = 4; lastKnownFileType = sourcecode.swift; path = "ManagerCD+CoreDataClass.swift"; sourceTree = "<group>"; };
		7FDC0F64293FD8E70025D3DC /* AccountCoreDataManager.swift */ = {isa = PBXFileReference; lastKnownFileType = sourcecode.swift; path = AccountCoreDataManager.swift; sourceTree = "<group>"; };
		7FDC0F66293FD9040025D3DC /* PharmacyCoreDataManager.swift */ = {isa = PBXFileReference; lastKnownFileType = sourcecode.swift; path = PharmacyCoreDataManager.swift; sourceTree = "<group>"; };
		7FDC0F68293FDB630025D3DC /* KeyCoreDataManager.swift */ = {isa = PBXFileReference; lastKnownFileType = sourcecode.swift; path = KeyCoreDataManager.swift; sourceTree = "<group>"; };
		7FDC0F6A293FDC730025D3DC /* CustomerCoreDataManager.swift */ = {isa = PBXFileReference; lastKnownFileType = sourcecode.swift; path = CustomerCoreDataManager.swift; sourceTree = "<group>"; };
		7FDC0F76293FDF920025D3DC /* ProductCoreDataManager.swift */ = {isa = PBXFileReference; lastKnownFileType = sourcecode.swift; path = ProductCoreDataManager.swift; sourceTree = "<group>"; };
		7FDC0F78293FE0460025D3DC /* ManagerCoreDataManager.swift */ = {isa = PBXFileReference; lastKnownFileType = sourcecode.swift; path = ManagerCoreDataManager.swift; sourceTree = "<group>"; };
		7FDD590A2943813E00EE969B /* ProspectionTableViewCell.swift */ = {isa = PBXFileReference; lastKnownFileType = sourcecode.swift; path = ProspectionTableViewCell.swift; sourceTree = "<group>"; };
		7FDD590B2943813E00EE969B /* ProspectionTableViewCell.xib */ = {isa = PBXFileReference; lastKnownFileType = file.xib; path = ProspectionTableViewCell.xib; sourceTree = "<group>"; };
		7FE7D9002934221700F52352 /* LoginViewController.swift */ = {isa = PBXFileReference; lastKnownFileType = sourcecode.swift; path = LoginViewController.swift; sourceTree = "<group>"; };
		7FE7D9012934221700F52352 /* LoginViewController.xib */ = {isa = PBXFileReference; lastKnownFileType = file.xib; path = LoginViewController.xib; sourceTree = "<group>"; };
		849068A3A194DEAB507C57D3 /* Pods-CRS.release.xcconfig */ = {isa = PBXFileReference; includeInIndex = 1; lastKnownFileType = text.xcconfig; name = "Pods-CRS.release.xcconfig"; path = "Target Support Files/Pods-CRS/Pods-CRS.release.xcconfig"; sourceTree = "<group>"; };
		A7C84B17C549CE972B33B00B /* Pods-CRSTests.release.xcconfig */ = {isa = PBXFileReference; includeInIndex = 1; lastKnownFileType = text.xcconfig; name = "Pods-CRSTests.release.xcconfig"; path = "Target Support Files/Pods-CRSTests/Pods-CRSTests.release.xcconfig"; sourceTree = "<group>"; };
		C27CBC3483B056B3A5C9F0F2 /* Pods_CRS.framework */ = {isa = PBXFileReference; explicitFileType = wrapper.framework; includeInIndex = 0; path = Pods_CRS.framework; sourceTree = BUILT_PRODUCTS_DIR; };
		CCA8FAF5913DD68B1A6FA4D5 /* Pods-CRS-CRSUITests.release.xcconfig */ = {isa = PBXFileReference; includeInIndex = 1; lastKnownFileType = text.xcconfig; name = "Pods-CRS-CRSUITests.release.xcconfig"; path = "Target Support Files/Pods-CRS-CRSUITests/Pods-CRS-CRSUITests.release.xcconfig"; sourceTree = "<group>"; };
		D95B057021D45B8A8B0B42A9 /* Pods_CRSTests.framework */ = {isa = PBXFileReference; explicitFileType = wrapper.framework; includeInIndex = 0; path = Pods_CRSTests.framework; sourceTree = BUILT_PRODUCTS_DIR; };
		F8549A5794E1DBFA5B504783 /* Pods-CRS-CRSUITests.debug.xcconfig */ = {isa = PBXFileReference; includeInIndex = 1; lastKnownFileType = text.xcconfig; name = "Pods-CRS-CRSUITests.debug.xcconfig"; path = "Target Support Files/Pods-CRS-CRSUITests/Pods-CRS-CRSUITests.debug.xcconfig"; sourceTree = "<group>"; };
/* End PBXFileReference section */

/* Begin PBXFrameworksBuildPhase section */
		7FC5CAD4292A0B07000D228A /* Frameworks */ = {
			isa = PBXFrameworksBuildPhase;
			buildActionMask = 2147483647;
			files = (
				25A84230BB2FA15CA4A44BDF /* Pods_CRS.framework in Frameworks */,
			);
			runOnlyForDeploymentPostprocessing = 0;
		};
		7FC5CAED292A0B08000D228A /* Frameworks */ = {
			isa = PBXFrameworksBuildPhase;
			buildActionMask = 2147483647;
			files = (
				1EE09DFC052BD9BC50548CAD /* Pods_CRSTests.framework in Frameworks */,
			);
			runOnlyForDeploymentPostprocessing = 0;
		};
		7FC5CAF7292A0B09000D228A /* Frameworks */ = {
			isa = PBXFrameworksBuildPhase;
			buildActionMask = 2147483647;
			files = (
				6F6A3B9EACA8A75DBFD818AF /* Pods_CRS_CRSUITests.framework in Frameworks */,
			);
			runOnlyForDeploymentPostprocessing = 0;
		};
/* End PBXFrameworksBuildPhase section */

/* Begin PBXGroup section */
		6E21028FE9C834C328097056 /* Pods */ = {
			isa = PBXGroup;
			children = (
				54F744207208F354C42CFE8E /* Pods-CRS.debug.xcconfig */,
				849068A3A194DEAB507C57D3 /* Pods-CRS.release.xcconfig */,
				F8549A5794E1DBFA5B504783 /* Pods-CRS-CRSUITests.debug.xcconfig */,
				CCA8FAF5913DD68B1A6FA4D5 /* Pods-CRS-CRSUITests.release.xcconfig */,
				0E48B748772BC7EFF8BF15EE /* Pods-CRSTests.debug.xcconfig */,
				A7C84B17C549CE972B33B00B /* Pods-CRSTests.release.xcconfig */,
			);
			path = Pods;
			sourceTree = "<group>";
		};
		7F15F39A2930CBD0009BD8D0 /* Registeration */ = {
			isa = PBXGroup;
			children = (
				7F15F3A12930CC68009BD8D0 /* AuthenticationViewController */,
				7F15F3A02930CC5E009BD8D0 /* LoginViewController */,
			);
			path = Registeration;
			sourceTree = "<group>";
		};
		7F15F3A02930CC5E009BD8D0 /* LoginViewController */ = {
			isa = PBXGroup;
			children = (
				7FE7D9002934221700F52352 /* LoginViewController.swift */,
				7FE7D9012934221700F52352 /* LoginViewController.xib */,
			);
			path = LoginViewController;
			sourceTree = "<group>";
		};
		7F15F3A12930CC68009BD8D0 /* AuthenticationViewController */ = {
			isa = PBXGroup;
			children = (
				7F15F39C2930CC4F009BD8D0 /* AuthenticationViewController.swift */,
				7F15F39D2930CC4F009BD8D0 /* AuthenticationViewController.xib */,
			);
			path = AuthenticationViewController;
			sourceTree = "<group>";
		};
		7F418261293285530055DC7B /* Extensions */ = {
			isa = PBXGroup;
			children = (
				7F0AAAD4293A475A00454371 /* UICollectionView+Extensions.swift */,
				7F4182622932856E0055DC7B /* UIViewController+Extensions.swift */,
				7F116A182933DF0F00683729 /* URLSession+Extensions.swift */,
				7F0AAAD6293A485900454371 /* UITableView+Extensions.swift */,
			);
			path = Extensions;
			sourceTree = "<group>";
		};
		7F593794293BDC5100FFF055 /* SideMenuCell */ = {
			isa = PBXGroup;
			children = (
				7F593795293BDC6B00FFF055 /* SideMenuTableViewCell.swift */,
				7F593796293BDC6B00FFF055 /* SideMenuTableViewCell.xib */,
			);
			path = SideMenuCell;
			sourceTree = "<group>";
		};
		7F7EA3FA293E93FD00E72E49 /* ProspectionToolViewController */ = {
			isa = PBXGroup;
			children = (
				7F7EA3FF293E94BB00E72E49 /* ProspectionToolViewController.swift */,
				7F7EA400293E94BB00E72E49 /* ProspectionToolViewController.xib */,
			);
			path = ProspectionToolViewController;
			sourceTree = "<group>";
		};
		7F7EA403293E958300E72E49 /* RefreshViewController */ = {
			isa = PBXGroup;
			children = (
				7F7EA404293E959400E72E49 /* RefreshViewController.swift */,
				7F7EA405293E959400E72E49 /* RefreshViewController.xib */,
			);
			path = RefreshViewController;
			sourceTree = "<group>";
		};
		7F7EA40A293EB32500E72E49 /* SearchResultViewController */ = {
			isa = PBXGroup;
			children = (
				7F7EA40B293EB34300E72E49 /* SearchResultViewController.swift */,
				7F7EA40C293EB34300E72E49 /* SearchResultViewController.xib */,
			);
			path = SearchResultViewController;
			sourceTree = "<group>";
		};
		7F7EA40F293EB4F000E72E49 /* CustomerCell */ = {
			isa = PBXGroup;
			children = (
				7F7EA410293EB51000E72E49 /* CustomerTableViewCell.swift */,
				7F7EA411293EB51000E72E49 /* CustomerTableViewCell.xib */,
			);
			path = CustomerCell;
			sourceTree = "<group>";
		};
		7FA939CA2946789000AF3A33 /* AddViewController */ = {
			isa = PBXGroup;
			children = (
				7FA939CB294678C200AF3A33 /* AddViewController.swift */,
				7FA939CC294678C200AF3A33 /* AddViewController.xib */,
			);
			path = AddViewController;
			sourceTree = "<group>";
		};
		7FC5CACE292A0B07000D228A = {
			isa = PBXGroup;
			children = (
				7FC5CAD9292A0B07000D228A /* CRS */,
				7FC5CAF3292A0B08000D228A /* CRSTests */,
				7FC5CAFD292A0B09000D228A /* CRSUITests */,
				7FC5CAD8292A0B07000D228A /* Products */,
				6E21028FE9C834C328097056 /* Pods */,
				E178B0ABF648BD8905BF084B /* Frameworks */,
			);
			sourceTree = "<group>";
		};
		7FC5CAD8292A0B07000D228A /* Products */ = {
			isa = PBXGroup;
			children = (
				7FC5CAD7292A0B07000D228A /* CRS.app */,
				7FC5CAF0292A0B08000D228A /* CRSTests.xctest */,
				7FC5CAFA292A0B09000D228A /* CRSUITests.xctest */,
			);
			name = Products;
			sourceTree = "<group>";
		};
		7FC5CAD9292A0B07000D228A /* CRS */ = {
			isa = PBXGroup;
			children = (
				7F0AAAC22939598B00454371 /* GoogleService-Info.plist */,
				7FC5CB18292A0F69000D228A /* View */,
				7FC5CB11292A0E0A000D228A /* ViewController */,
				7FC5CB10292A0DFF000D228A /* Model */,
				7FC5CB0D292A0B18000D228A /* Utilities */,
				7FC5CAEB292A0B08000D228A /* Info.plist */,
			);
			path = CRS;
			sourceTree = "<group>";
		};
		7FC5CAF3292A0B08000D228A /* CRSTests */ = {
			isa = PBXGroup;
			children = (
				7FC5CAF4292A0B08000D228A /* CRSTests.swift */,
			);
			path = CRSTests;
			sourceTree = "<group>";
		};
		7FC5CAFD292A0B09000D228A /* CRSUITests */ = {
			isa = PBXGroup;
			children = (
				7FC5CAFE292A0B09000D228A /* CRSUITests.swift */,
				7FC5CB00292A0B09000D228A /* CRSUITestsLaunchTests.swift */,
			);
			path = CRSUITests;
			sourceTree = "<group>";
		};
		7FC5CB0D292A0B18000D228A /* Utilities */ = {
			isa = PBXGroup;
			children = (
				7F418261293285530055DC7B /* Extensions */,
				7FC5CAE6292A0B08000D228A /* Assets.xcassets */,
				7FC5CADA292A0B07000D228A /* AppDelegate.swift */,
				7FC5CB0F292A0B36000D228A /* Core Data Manager */,
				7FC5CB0E292A0B2A000D228A /* Network Layer */,
			);
			path = Utilities;
			sourceTree = "<group>";
		};
		7FC5CB0E292A0B2A000D228A /* Network Layer */ = {
			isa = PBXGroup;
			children = (
				7F15F3982930CB5B009BD8D0 /* API.swift */,
				7F15F3962930CB54009BD8D0 /* NetworkServiceMock.swift */,
				7F15F3942930CB4E009BD8D0 /* EndPoint.swift */,
				7F15F3922930CB35009BD8D0 /* ErrorMessage.swift */,
			);
			path = "Network Layer";
			sourceTree = "<group>";
		};
		7FC5CB0F292A0B36000D228A /* Core Data Manager */ = {
			isa = PBXGroup;
			children = (
				7FDC0EDA293FCD4F0025D3DC /* CoreDataModels */,
				7F7EA408293E9A0500E72E49 /* CoreDataManager.swift */,
				7FC5CAE3292A0B07000D228A /* CRS.xcdatamodeld */,
			);
			path = "Core Data Manager";
			sourceTree = "<group>";
		};
		7FC5CB10292A0DFF000D228A /* Model */ = {
			isa = PBXGroup;
			children = (
				7F418264293290120055DC7B /* User.swift */,
				7F0AAABC2939456100454371 /* Company.swift */,
				7F0AAAC4293A1FAF00454371 /* Product.swift */,
				7F0AAAC6293A218600454371 /* Manager.swift */,
				7F0AAAC8293A22C900454371 /* Customer.swift */,
				7F0AAACA293A244700454371 /* Account.swift */,
				7F0AAACC293A24FF00454371 /* Key.swift */,
				7F0AAACE293A25AA00454371 /* Pharmacy.swift */,
			);
			path = Model;
			sourceTree = "<group>";
		};
		7FC5CB11292A0E0A000D228A /* ViewController */ = {
			isa = PBXGroup;
			children = (
				7F7EA40A293EB32500E72E49 /* SearchResultViewController */,
				7F7EA403293E958300E72E49 /* RefreshViewController */,
				7F15F39A2930CBD0009BD8D0 /* Registeration */,
				7F7EA3FA293E93FD00E72E49 /* ProspectionToolViewController */,
				7FC5CADE292A0B07000D228A /* ViewController.swift */,
				7FC5CB17292A0E7F000D228A /* ProductsViewController */,
				7FC5CB16292A0E5A000D228A /* AccountsViewController */,
				7FC5CB15292A0E4C000D228A /* CustomersViewController */,
				7FC5CB14292A0E3D000D228A /* ReportsViewController */,
				7FC5CB13292A0E31000D228A /* HomeViewController */,
				7FC5CB12292A0E22000D228A /* SideMenuController */,
			);
			path = ViewController;
			sourceTree = "<group>";
		};
		7FC5CB12292A0E22000D228A /* SideMenuController */ = {
			isa = PBXGroup;
			children = (
				7F0AAAD2293A3DEF00454371 /* SideMenuViewController.swift */,
			);
			path = SideMenuController;
			sourceTree = "<group>";
		};
		7FC5CB13292A0E31000D228A /* HomeViewController */ = {
			isa = PBXGroup;
			children = (
				7F0AAABE2939483600454371 /* HomeViewController.swift */,
			);
			path = HomeViewController;
			sourceTree = "<group>";
		};
		7FC5CB14292A0E3D000D228A /* ReportsViewController */ = {
			isa = PBXGroup;
			children = (
				7FA939CA2946789000AF3A33 /* AddViewController */,
				7F7EA3FB293E942200E72E49 /* ReportsViewController.swift */,
				7F7EA3FC293E942200E72E49 /* ReportsViewController.xib */,
			);
			path = ReportsViewController;
			sourceTree = "<group>";
		};
		7FC5CB15292A0E4C000D228A /* CustomersViewController */ = {
			isa = PBXGroup;
			children = (
				7F7EA3F2293E92F600E72E49 /* CustomersViewController.swift */,
				7F7EA3F3293E92F600E72E49 /* CustomersViewController.xib */,
			);
			path = CustomersViewController;
			sourceTree = "<group>";
		};
		7FC5CB16292A0E5A000D228A /* AccountsViewController */ = {
			isa = PBXGroup;
			children = (
				7F7EA3F6293E933700E72E49 /* AccountsViewController.swift */,
				7F7EA3F7293E933700E72E49 /* AccountsViewController.xib */,
			);
			path = AccountsViewController;
			sourceTree = "<group>";
		};
		7FC5CB17292A0E7F000D228A /* ProductsViewController */ = {
			isa = PBXGroup;
			children = (
			);
			path = ProductsViewController;
			sourceTree = "<group>";
		};
		7FC5CB18292A0F69000D228A /* View */ = {
			isa = PBXGroup;
			children = (
				7FDD59132945356D00EE969B /* ReportsCell */,
				7FDD5909294380EB00EE969B /* ProspectionAnswersCell */,
				7F7EA40F293EB4F000E72E49 /* CustomerCell */,
				7F593794293BDC5100FFF055 /* SideMenuCell */,
				7FC5CAE0292A0B07000D228A /* Main.storyboard */,
				7FC5CAE8292A0B08000D228A /* LaunchScreen.storyboard */,
			);
			path = View;
			sourceTree = "<group>";
		};
		7FDC0EDA293FCD4F0025D3DC /* CoreDataModels */ = {
			isa = PBXGroup;
			children = (
				7FDC0F6C293FDE580025D3DC /* CustomerManager */,
				7FDC0F72293FDED90025D3DC /* AccountManager */,
				7FDC0F6D293FDE710025D3DC /* KeyManager */,
				7FDC0F74293FDF5C0025D3DC /* ManagerManage */,
				7FDC0F73293FDF500025D3DC /* PharmacyManager */,
				7FDC0F75293FDF7F0025D3DC /* ProductManager */,
			);
			path = CoreDataModels;
			sourceTree = "<group>";
		};
		7FDC0F6C293FDE580025D3DC /* CustomerManager */ = {
			isa = PBXGroup;
			children = (
				7FDC0F6A293FDC730025D3DC /* CustomerCoreDataManager.swift */,
				7FDC0F57293FD5860025D3DC /* CustomerCD+CoreDataClass.swift */,
				7FDC0F53293FD5840025D3DC /* CustomerCD+CoreDataProperties.swift */,
			);
			path = CustomerManager;
			sourceTree = "<group>";
		};
		7FDC0F6D293FDE710025D3DC /* KeyManager */ = {
			isa = PBXGroup;
			children = (
				7FDC0F54293FD5850025D3DC /* KeyCD+CoreDataClass.swift */,
				7FDC0F55293FD5850025D3DC /* KeyCD+CoreDataProperties.swift */,
				7FDC0F68293FDB630025D3DC /* KeyCoreDataManager.swift */,
			);
			path = KeyManager;
			sourceTree = "<group>";
		};
		7FDC0F72293FDED90025D3DC /* AccountManager */ = {
			isa = PBXGroup;
			children = (
				7F427631293FE98F006B063C /* AccountsCD+CoreDataClass.swift */,
				7F427632293FE990006B063C /* AccountsCD+CoreDataProperties.swift */,
				7FDC0F64293FD8E70025D3DC /* AccountCoreDataManager.swift */,
			);
			path = AccountManager;
			sourceTree = "<group>";
		};
		7FDC0F73293FDF500025D3DC /* PharmacyManager */ = {
			isa = PBXGroup;
			children = (
				7FDC0F58293FD5870025D3DC /* PharmacyCD+CoreDataClass.swift */,
				7FDC0F52293FD5840025D3DC /* PharmacyCD+CoreDataProperties.swift */,
				7FDC0F66293FD9040025D3DC /* PharmacyCoreDataManager.swift */,
			);
			path = PharmacyManager;
			sourceTree = "<group>";
		};
		7FDC0F74293FDF5C0025D3DC /* ManagerManage */ = {
			isa = PBXGroup;
			children = (
				7FDC0F59293FD5870025D3DC /* ManagerCD+CoreDataClass.swift */,
				7FDC0F50293FD5830025D3DC /* ManagerCD+CoreDataProperties.swift */,
				7FDC0F78293FE0460025D3DC /* ManagerCoreDataManager.swift */,
			);
			path = ManagerManage;
			sourceTree = "<group>";
		};
		7FDC0F75293FDF7F0025D3DC /* ProductManager */ = {
			isa = PBXGroup;
			children = (
				7FDC0F56293FD5860025D3DC /* ProductCD+CoreDataClass.swift */,
				7FDC0F51293FD5840025D3DC /* ProductCD+CoreDataProperties.swift */,
				7FDC0F76293FDF920025D3DC /* ProductCoreDataManager.swift */,
			);
			path = ProductManager;
			sourceTree = "<group>";
		};
		7FDD5909294380EB00EE969B /* ProspectionAnswersCell */ = {
			isa = PBXGroup;
			children = (
				7FDD590A2943813E00EE969B /* ProspectionTableViewCell.swift */,
				7FDD590B2943813E00EE969B /* ProspectionTableViewCell.xib */,
			);
			path = ProspectionAnswersCell;
			sourceTree = "<group>";
		};
		7FDD59132945356D00EE969B /* ReportsCell */ = {
			isa = PBXGroup;
			children = (
				7FA939C62946698900AF3A33 /* ReportTableViewCell.swift */,
				7FA939C72946698900AF3A33 /* ReportTableViewCell.xib */,
			);
			path = ReportsCell;
			sourceTree = "<group>";
		};
		E178B0ABF648BD8905BF084B /* Frameworks */ = {
			isa = PBXGroup;
			children = (
				C27CBC3483B056B3A5C9F0F2 /* Pods_CRS.framework */,
				4C84FEC79DE0AD945AF80DC2 /* Pods_CRS_CRSUITests.framework */,
				D95B057021D45B8A8B0B42A9 /* Pods_CRSTests.framework */,
			);
			name = Frameworks;
			sourceTree = "<group>";
		};
/* End PBXGroup section */

/* Begin PBXNativeTarget section */
		7FC5CAD6292A0B07000D228A /* CRS */ = {
			isa = PBXNativeTarget;
			buildConfigurationList = 7FC5CB04292A0B09000D228A /* Build configuration list for PBXNativeTarget "CRS" */;
			buildPhases = (
				BD2E3A4C8CB9FCAAD3D964A3 /* [CP] Check Pods Manifest.lock */,
				7FC5CAD3292A0B07000D228A /* Sources */,
				7FC5CAD4292A0B07000D228A /* Frameworks */,
				7FC5CAD5292A0B07000D228A /* Resources */,
				A09DD1DAD5089A6B9BD01837 /* [CP] Embed Pods Frameworks */,
				07F5DF7F1759A7FD183B3CF8 /* [CP] Copy Pods Resources */,
			);
			buildRules = (
			);
			dependencies = (
			);
			name = CRS;
			productName = CRS;
			productReference = 7FC5CAD7292A0B07000D228A /* CRS.app */;
			productType = "com.apple.product-type.application";
		};
		7FC5CAEF292A0B08000D228A /* CRSTests */ = {
			isa = PBXNativeTarget;
			buildConfigurationList = 7FC5CB07292A0B09000D228A /* Build configuration list for PBXNativeTarget "CRSTests" */;
			buildPhases = (
				D98EC6A0D1EFFED7DF2AA86D /* [CP] Check Pods Manifest.lock */,
				7FC5CAEC292A0B08000D228A /* Sources */,
				7FC5CAED292A0B08000D228A /* Frameworks */,
				7FC5CAEE292A0B08000D228A /* Resources */,
			);
			buildRules = (
			);
			dependencies = (
				7FC5CAF2292A0B08000D228A /* PBXTargetDependency */,
			);
			name = CRSTests;
			productName = CRSTests;
			productReference = 7FC5CAF0292A0B08000D228A /* CRSTests.xctest */;
			productType = "com.apple.product-type.bundle.unit-test";
		};
		7FC5CAF9292A0B09000D228A /* CRSUITests */ = {
			isa = PBXNativeTarget;
			buildConfigurationList = 7FC5CB0A292A0B09000D228A /* Build configuration list for PBXNativeTarget "CRSUITests" */;
			buildPhases = (
				255C2C7DB9185A47F43413F4 /* [CP] Check Pods Manifest.lock */,
				7FC5CAF6292A0B09000D228A /* Sources */,
				7FC5CAF7292A0B09000D228A /* Frameworks */,
				7FC5CAF8292A0B09000D228A /* Resources */,
				61E63BABC12538F75497EB8C /* [CP] Embed Pods Frameworks */,
				87275E6011B5CEAB96825F5A /* [CP] Copy Pods Resources */,
			);
			buildRules = (
			);
			dependencies = (
				7FC5CAFC292A0B09000D228A /* PBXTargetDependency */,
			);
			name = CRSUITests;
			productName = CRSUITests;
			productReference = 7FC5CAFA292A0B09000D228A /* CRSUITests.xctest */;
			productType = "com.apple.product-type.bundle.ui-testing";
		};
/* End PBXNativeTarget section */

/* Begin PBXProject section */
		7FC5CACF292A0B07000D228A /* Project object */ = {
			isa = PBXProject;
			attributes = {
				BuildIndependentTargetsInParallel = 1;
				LastSwiftUpdateCheck = 1410;
				LastUpgradeCheck = 1410;
				TargetAttributes = {
					7FC5CAD6292A0B07000D228A = {
						CreatedOnToolsVersion = 14.1;
					};
					7FC5CAEF292A0B08000D228A = {
						CreatedOnToolsVersion = 14.1;
						TestTargetID = 7FC5CAD6292A0B07000D228A;
					};
					7FC5CAF9292A0B09000D228A = {
						CreatedOnToolsVersion = 14.1;
						TestTargetID = 7FC5CAD6292A0B07000D228A;
					};
				};
			};
			buildConfigurationList = 7FC5CAD2292A0B07000D228A /* Build configuration list for PBXProject "CRS" */;
			compatibilityVersion = "Xcode 14.0";
			developmentRegion = en;
			hasScannedForEncodings = 0;
			knownRegions = (
				en,
				Base,
			);
			mainGroup = 7FC5CACE292A0B07000D228A;
			productRefGroup = 7FC5CAD8292A0B07000D228A /* Products */;
			projectDirPath = "";
			projectRoot = "";
			targets = (
				7FC5CAD6292A0B07000D228A /* CRS */,
				7FC5CAEF292A0B08000D228A /* CRSTests */,
				7FC5CAF9292A0B09000D228A /* CRSUITests */,
			);
		};
/* End PBXProject section */

/* Begin PBXResourcesBuildPhase section */
		7FC5CAD5292A0B07000D228A /* Resources */ = {
			isa = PBXResourcesBuildPhase;
			buildActionMask = 2147483647;
			files = (
				7F7EA407293E959400E72E49 /* RefreshViewController.xib in Resources */,
				7FA939CE294678C200AF3A33 /* AddViewController.xib in Resources */,
				7F7EA3F5293E92F600E72E49 /* CustomersViewController.xib in Resources */,
				7F0AAAC32939598B00454371 /* GoogleService-Info.plist in Resources */,
				7F7EA3FE293E942200E72E49 /* ReportsViewController.xib in Resources */,
				7F7EA402293E94BB00E72E49 /* ProspectionToolViewController.xib in Resources */,
				7FE7D9032934221700F52352 /* LoginViewController.xib in Resources */,
				7F593798293BDC6B00FFF055 /* SideMenuTableViewCell.xib in Resources */,
				7FA939C92946698900AF3A33 /* ReportTableViewCell.xib in Resources */,
				7F7EA3F9293E933700E72E49 /* AccountsViewController.xib in Resources */,
				7F7EA40E293EB34300E72E49 /* SearchResultViewController.xib in Resources */,
				7FDD590D2943813E00EE969B /* ProspectionTableViewCell.xib in Resources */,
				7F15F39F2930CC4F009BD8D0 /* AuthenticationViewController.xib in Resources */,
				7FC5CAEA292A0B08000D228A /* LaunchScreen.storyboard in Resources */,
				7F7EA413293EB51000E72E49 /* CustomerTableViewCell.xib in Resources */,
				7FC5CAE7292A0B08000D228A /* Assets.xcassets in Resources */,
				7FC5CAE2292A0B07000D228A /* Main.storyboard in Resources */,
			);
			runOnlyForDeploymentPostprocessing = 0;
		};
		7FC5CAEE292A0B08000D228A /* Resources */ = {
			isa = PBXResourcesBuildPhase;
			buildActionMask = 2147483647;
			files = (
			);
			runOnlyForDeploymentPostprocessing = 0;
		};
		7FC5CAF8292A0B09000D228A /* Resources */ = {
			isa = PBXResourcesBuildPhase;
			buildActionMask = 2147483647;
			files = (
			);
			runOnlyForDeploymentPostprocessing = 0;
		};
/* End PBXResourcesBuildPhase section */

/* Begin PBXShellScriptBuildPhase section */
		07F5DF7F1759A7FD183B3CF8 /* [CP] Copy Pods Resources */ = {
			isa = PBXShellScriptBuildPhase;
			buildActionMask = 2147483647;
			files = (
			);
			inputFileListPaths = (
				"${PODS_ROOT}/Target Support Files/Pods-CRS/Pods-CRS-resources-${CONFIGURATION}-input-files.xcfilelist",
			);
			name = "[CP] Copy Pods Resources";
			outputFileListPaths = (
				"${PODS_ROOT}/Target Support Files/Pods-CRS/Pods-CRS-resources-${CONFIGURATION}-output-files.xcfilelist",
			);
			runOnlyForDeploymentPostprocessing = 0;
			shellPath = /bin/sh;
			shellScript = "\"${PODS_ROOT}/Target Support Files/Pods-CRS/Pods-CRS-resources.sh\"\n";
			showEnvVarsInLog = 0;
		};
		255C2C7DB9185A47F43413F4 /* [CP] Check Pods Manifest.lock */ = {
			isa = PBXShellScriptBuildPhase;
			buildActionMask = 2147483647;
			files = (
			);
			inputFileListPaths = (
			);
			inputPaths = (
				"${PODS_PODFILE_DIR_PATH}/Podfile.lock",
				"${PODS_ROOT}/Manifest.lock",
			);
			name = "[CP] Check Pods Manifest.lock";
			outputFileListPaths = (
			);
			outputPaths = (
				"$(DERIVED_FILE_DIR)/Pods-CRS-CRSUITests-checkManifestLockResult.txt",
			);
			runOnlyForDeploymentPostprocessing = 0;
			shellPath = /bin/sh;
			shellScript = "diff \"${PODS_PODFILE_DIR_PATH}/Podfile.lock\" \"${PODS_ROOT}/Manifest.lock\" > /dev/null\nif [ $? != 0 ] ; then\n    # print error to STDERR\n    echo \"error: The sandbox is not in sync with the Podfile.lock. Run 'pod install' or update your CocoaPods installation.\" >&2\n    exit 1\nfi\n# This output is used by Xcode 'outputs' to avoid re-running this script phase.\necho \"SUCCESS\" > \"${SCRIPT_OUTPUT_FILE_0}\"\n";
			showEnvVarsInLog = 0;
		};
		61E63BABC12538F75497EB8C /* [CP] Embed Pods Frameworks */ = {
			isa = PBXShellScriptBuildPhase;
			buildActionMask = 2147483647;
			files = (
			);
			inputFileListPaths = (
				"${PODS_ROOT}/Target Support Files/Pods-CRS-CRSUITests/Pods-CRS-CRSUITests-frameworks-${CONFIGURATION}-input-files.xcfilelist",
			);
			name = "[CP] Embed Pods Frameworks";
			outputFileListPaths = (
				"${PODS_ROOT}/Target Support Files/Pods-CRS-CRSUITests/Pods-CRS-CRSUITests-frameworks-${CONFIGURATION}-output-files.xcfilelist",
			);
			runOnlyForDeploymentPostprocessing = 0;
			shellPath = /bin/sh;
			shellScript = "\"${PODS_ROOT}/Target Support Files/Pods-CRS-CRSUITests/Pods-CRS-CRSUITests-frameworks.sh\"\n";
			showEnvVarsInLog = 0;
		};
		87275E6011B5CEAB96825F5A /* [CP] Copy Pods Resources */ = {
			isa = PBXShellScriptBuildPhase;
			buildActionMask = 2147483647;
			files = (
			);
			inputFileListPaths = (
				"${PODS_ROOT}/Target Support Files/Pods-CRS-CRSUITests/Pods-CRS-CRSUITests-resources-${CONFIGURATION}-input-files.xcfilelist",
			);
			name = "[CP] Copy Pods Resources";
			outputFileListPaths = (
				"${PODS_ROOT}/Target Support Files/Pods-CRS-CRSUITests/Pods-CRS-CRSUITests-resources-${CONFIGURATION}-output-files.xcfilelist",
			);
			runOnlyForDeploymentPostprocessing = 0;
			shellPath = /bin/sh;
			shellScript = "\"${PODS_ROOT}/Target Support Files/Pods-CRS-CRSUITests/Pods-CRS-CRSUITests-resources.sh\"\n";
			showEnvVarsInLog = 0;
		};
		A09DD1DAD5089A6B9BD01837 /* [CP] Embed Pods Frameworks */ = {
			isa = PBXShellScriptBuildPhase;
			buildActionMask = 2147483647;
			files = (
			);
			inputFileListPaths = (
				"${PODS_ROOT}/Target Support Files/Pods-CRS/Pods-CRS-frameworks-${CONFIGURATION}-input-files.xcfilelist",
			);
			name = "[CP] Embed Pods Frameworks";
			outputFileListPaths = (
				"${PODS_ROOT}/Target Support Files/Pods-CRS/Pods-CRS-frameworks-${CONFIGURATION}-output-files.xcfilelist",
			);
			runOnlyForDeploymentPostprocessing = 0;
			shellPath = /bin/sh;
			shellScript = "\"${PODS_ROOT}/Target Support Files/Pods-CRS/Pods-CRS-frameworks.sh\"\n";
			showEnvVarsInLog = 0;
		};
		BD2E3A4C8CB9FCAAD3D964A3 /* [CP] Check Pods Manifest.lock */ = {
			isa = PBXShellScriptBuildPhase;
			buildActionMask = 2147483647;
			files = (
			);
			inputFileListPaths = (
			);
			inputPaths = (
				"${PODS_PODFILE_DIR_PATH}/Podfile.lock",
				"${PODS_ROOT}/Manifest.lock",
			);
			name = "[CP] Check Pods Manifest.lock";
			outputFileListPaths = (
			);
			outputPaths = (
				"$(DERIVED_FILE_DIR)/Pods-CRS-checkManifestLockResult.txt",
			);
			runOnlyForDeploymentPostprocessing = 0;
			shellPath = /bin/sh;
			shellScript = "diff \"${PODS_PODFILE_DIR_PATH}/Podfile.lock\" \"${PODS_ROOT}/Manifest.lock\" > /dev/null\nif [ $? != 0 ] ; then\n    # print error to STDERR\n    echo \"error: The sandbox is not in sync with the Podfile.lock. Run 'pod install' or update your CocoaPods installation.\" >&2\n    exit 1\nfi\n# This output is used by Xcode 'outputs' to avoid re-running this script phase.\necho \"SUCCESS\" > \"${SCRIPT_OUTPUT_FILE_0}\"\n";
			showEnvVarsInLog = 0;
		};
		D98EC6A0D1EFFED7DF2AA86D /* [CP] Check Pods Manifest.lock */ = {
			isa = PBXShellScriptBuildPhase;
			buildActionMask = 2147483647;
			files = (
			);
			inputFileListPaths = (
			);
			inputPaths = (
				"${PODS_PODFILE_DIR_PATH}/Podfile.lock",
				"${PODS_ROOT}/Manifest.lock",
			);
			name = "[CP] Check Pods Manifest.lock";
			outputFileListPaths = (
			);
			outputPaths = (
				"$(DERIVED_FILE_DIR)/Pods-CRSTests-checkManifestLockResult.txt",
			);
			runOnlyForDeploymentPostprocessing = 0;
			shellPath = /bin/sh;
			shellScript = "diff \"${PODS_PODFILE_DIR_PATH}/Podfile.lock\" \"${PODS_ROOT}/Manifest.lock\" > /dev/null\nif [ $? != 0 ] ; then\n    # print error to STDERR\n    echo \"error: The sandbox is not in sync with the Podfile.lock. Run 'pod install' or update your CocoaPods installation.\" >&2\n    exit 1\nfi\n# This output is used by Xcode 'outputs' to avoid re-running this script phase.\necho \"SUCCESS\" > \"${SCRIPT_OUTPUT_FILE_0}\"\n";
			showEnvVarsInLog = 0;
		};
/* End PBXShellScriptBuildPhase section */

/* Begin PBXSourcesBuildPhase section */
		7FC5CAD3292A0B07000D228A /* Sources */ = {
			isa = PBXSourcesBuildPhase;
			buildActionMask = 2147483647;
			files = (
				7FDC0F63293FD5880025D3DC /* ManagerCD+CoreDataClass.swift in Sources */,
				7FE7D9022934221700F52352 /* LoginViewController.swift in Sources */,
				7F15F3932930CB35009BD8D0 /* ErrorMessage.swift in Sources */,
				7F0AAAC5293A1FAF00454371 /* Product.swift in Sources */,
				7F593797293BDC6B00FFF055 /* SideMenuTableViewCell.swift in Sources */,
				7F7EA3FD293E942200E72E49 /* ReportsViewController.swift in Sources */,
				7F0AAAC7293A218600454371 /* Manager.swift in Sources */,
				7FDC0F65293FD8E70025D3DC /* AccountCoreDataManager.swift in Sources */,
				7F7EA40D293EB34300E72E49 /* SearchResultViewController.swift in Sources */,
				7F0AAAD5293A475A00454371 /* UICollectionView+Extensions.swift in Sources */,
				7F7EA3F4293E92F600E72E49 /* CustomersViewController.swift in Sources */,
				7F0AAAD3293A3DEF00454371 /* SideMenuViewController.swift in Sources */,
				7FDC0F5A293FD5880025D3DC /* ManagerCD+CoreDataProperties.swift in Sources */,
				7F7EA3F8293E933700E72E49 /* AccountsViewController.swift in Sources */,
				7FDC0F69293FDB630025D3DC /* KeyCoreDataManager.swift in Sources */,
				7F7EA412293EB51000E72E49 /* CustomerTableViewCell.swift in Sources */,
				7F116A192933DF0F00683729 /* URLSession+Extensions.swift in Sources */,
				7FDC0F79293FE0460025D3DC /* ManagerCoreDataManager.swift in Sources */,
				7F0AAACB293A244700454371 /* Account.swift in Sources */,
				7F0AAACF293A25AA00454371 /* Pharmacy.swift in Sources */,
				7FDC0F5C293FD5880025D3DC /* PharmacyCD+CoreDataProperties.swift in Sources */,
				7FDC0F60293FD5880025D3DC /* ProductCD+CoreDataClass.swift in Sources */,
				7FC5CAE5292A0B07000D228A /* CRS.xcdatamodeld in Sources */,
				7F15F3972930CB54009BD8D0 /* NetworkServiceMock.swift in Sources */,
				7FDD590C2943813E00EE969B /* ProspectionTableViewCell.swift in Sources */,
				7F0AAAC02939483600454371 /* HomeViewController.swift in Sources */,
				7F0AAAD7293A485900454371 /* UITableView+Extensions.swift in Sources */,
				7F427634293FE990006B063C /* AccountsCD+CoreDataProperties.swift in Sources */,
				7F7EA401293E94BB00E72E49 /* ProspectionToolViewController.swift in Sources */,
				7FDC0F5D293FD5880025D3DC /* CustomerCD+CoreDataProperties.swift in Sources */,
				7F7EA409293E9A0500E72E49 /* CoreDataManager.swift in Sources */,
				7F15F3952930CB4E009BD8D0 /* EndPoint.swift in Sources */,
				7FDC0F5E293FD5880025D3DC /* KeyCD+CoreDataClass.swift in Sources */,
				7F4182632932856E0055DC7B /* UIViewController+Extensions.swift in Sources */,
				7F15F39E2930CC4F009BD8D0 /* AuthenticationViewController.swift in Sources */,
				7F0AAAC9293A22C900454371 /* Customer.swift in Sources */,
				7FDC0F61293FD5880025D3DC /* CustomerCD+CoreDataClass.swift in Sources */,
				7FC5CADF292A0B07000D228A /* ViewController.swift in Sources */,
				7FC5CADB292A0B07000D228A /* AppDelegate.swift in Sources */,
				7FDC0F5B293FD5880025D3DC /* ProductCD+CoreDataProperties.swift in Sources */,
				7F0AAACD293A24FF00454371 /* Key.swift in Sources */,
				7F7EA406293E959400E72E49 /* RefreshViewController.swift in Sources */,
				7F418265293290120055DC7B /* User.swift in Sources */,
				7FA939C82946698900AF3A33 /* ReportTableViewCell.swift in Sources */,
				7F427633293FE990006B063C /* AccountsCD+CoreDataClass.swift in Sources */,
				7FDC0F6B293FDC730025D3DC /* CustomerCoreDataManager.swift in Sources */,
				7F0AAABD2939456100454371 /* Company.swift in Sources */,
				7FDC0F5F293FD5880025D3DC /* KeyCD+CoreDataProperties.swift in Sources */,
				7F15F3992930CB5B009BD8D0 /* API.swift in Sources */,
				7FDC0F62293FD5880025D3DC /* PharmacyCD+CoreDataClass.swift in Sources */,
				7FDC0F77293FDF920025D3DC /* ProductCoreDataManager.swift in Sources */,
				7FA939CD294678C200AF3A33 /* AddViewController.swift in Sources */,
				7FDC0F67293FD9040025D3DC /* PharmacyCoreDataManager.swift in Sources */,
			);
			runOnlyForDeploymentPostprocessing = 0;
		};
		7FC5CAEC292A0B08000D228A /* Sources */ = {
			isa = PBXSourcesBuildPhase;
			buildActionMask = 2147483647;
			files = (
				7FC5CAF5292A0B08000D228A /* CRSTests.swift in Sources */,
			);
			runOnlyForDeploymentPostprocessing = 0;
		};
		7FC5CAF6292A0B09000D228A /* Sources */ = {
			isa = PBXSourcesBuildPhase;
			buildActionMask = 2147483647;
			files = (
				7FC5CAFF292A0B09000D228A /* CRSUITests.swift in Sources */,
				7FC5CB01292A0B09000D228A /* CRSUITestsLaunchTests.swift in Sources */,
			);
			runOnlyForDeploymentPostprocessing = 0;
		};
/* End PBXSourcesBuildPhase section */

/* Begin PBXTargetDependency section */
		7FC5CAF2292A0B08000D228A /* PBXTargetDependency */ = {
			isa = PBXTargetDependency;
			target = 7FC5CAD6292A0B07000D228A /* CRS */;
			targetProxy = 7FC5CAF1292A0B08000D228A /* PBXContainerItemProxy */;
		};
		7FC5CAFC292A0B09000D228A /* PBXTargetDependency */ = {
			isa = PBXTargetDependency;
			target = 7FC5CAD6292A0B07000D228A /* CRS */;
			targetProxy = 7FC5CAFB292A0B09000D228A /* PBXContainerItemProxy */;
		};
/* End PBXTargetDependency section */

/* Begin PBXVariantGroup section */
		7FC5CAE0292A0B07000D228A /* Main.storyboard */ = {
			isa = PBXVariantGroup;
			children = (
				7FC5CAE1292A0B07000D228A /* Base */,
			);
			name = Main.storyboard;
			sourceTree = "<group>";
		};
		7FC5CAE8292A0B08000D228A /* LaunchScreen.storyboard */ = {
			isa = PBXVariantGroup;
			children = (
				7FC5CAE9292A0B08000D228A /* Base */,
			);
			name = LaunchScreen.storyboard;
			sourceTree = "<group>";
		};
/* End PBXVariantGroup section */

/* Begin XCBuildConfiguration section */
		7FC5CB02292A0B09000D228A /* Debug */ = {
			isa = XCBuildConfiguration;
			buildSettings = {
				ALWAYS_SEARCH_USER_PATHS = NO;
				CLANG_ANALYZER_NONNULL = YES;
				CLANG_ANALYZER_NUMBER_OBJECT_CONVERSION = YES_AGGRESSIVE;
				CLANG_CXX_LANGUAGE_STANDARD = "gnu++20";
				CLANG_ENABLE_MODULES = YES;
				CLANG_ENABLE_OBJC_ARC = YES;
				CLANG_ENABLE_OBJC_WEAK = YES;
				CLANG_WARN_BLOCK_CAPTURE_AUTORELEASING = YES;
				CLANG_WARN_BOOL_CONVERSION = YES;
				CLANG_WARN_COMMA = YES;
				CLANG_WARN_CONSTANT_CONVERSION = YES;
				CLANG_WARN_DEPRECATED_OBJC_IMPLEMENTATIONS = YES;
				CLANG_WARN_DIRECT_OBJC_ISA_USAGE = YES_ERROR;
				CLANG_WARN_DOCUMENTATION_COMMENTS = YES;
				CLANG_WARN_EMPTY_BODY = YES;
				CLANG_WARN_ENUM_CONVERSION = YES;
				CLANG_WARN_INFINITE_RECURSION = YES;
				CLANG_WARN_INT_CONVERSION = YES;
				CLANG_WARN_NON_LITERAL_NULL_CONVERSION = YES;
				CLANG_WARN_OBJC_IMPLICIT_RETAIN_SELF = YES;
				CLANG_WARN_OBJC_LITERAL_CONVERSION = YES;
				CLANG_WARN_OBJC_ROOT_CLASS = YES_ERROR;
				CLANG_WARN_QUOTED_INCLUDE_IN_FRAMEWORK_HEADER = YES;
				CLANG_WARN_RANGE_LOOP_ANALYSIS = YES;
				CLANG_WARN_STRICT_PROTOTYPES = YES;
				CLANG_WARN_SUSPICIOUS_MOVE = YES;
				CLANG_WARN_UNGUARDED_AVAILABILITY = YES_AGGRESSIVE;
				CLANG_WARN_UNREACHABLE_CODE = YES;
				CLANG_WARN__DUPLICATE_METHOD_MATCH = YES;
				COPY_PHASE_STRIP = NO;
				DEBUG_INFORMATION_FORMAT = dwarf;
				ENABLE_STRICT_OBJC_MSGSEND = YES;
				ENABLE_TESTABILITY = YES;
				GCC_C_LANGUAGE_STANDARD = gnu11;
				GCC_DYNAMIC_NO_PIC = NO;
				GCC_NO_COMMON_BLOCKS = YES;
				GCC_OPTIMIZATION_LEVEL = 0;
				GCC_PREPROCESSOR_DEFINITIONS = (
					"DEBUG=1",
					"$(inherited)",
				);
				GCC_WARN_64_TO_32_BIT_CONVERSION = YES;
				GCC_WARN_ABOUT_RETURN_TYPE = YES_ERROR;
				GCC_WARN_UNDECLARED_SELECTOR = YES;
				GCC_WARN_UNINITIALIZED_AUTOS = YES_AGGRESSIVE;
				GCC_WARN_UNUSED_FUNCTION = YES;
				GCC_WARN_UNUSED_VARIABLE = YES;
				IPHONEOS_DEPLOYMENT_TARGET = 11.0;
				MTL_ENABLE_DEBUG_INFO = INCLUDE_SOURCE;
				MTL_FAST_MATH = YES;
				ONLY_ACTIVE_ARCH = YES;
				SDKROOT = iphoneos;
				SWIFT_ACTIVE_COMPILATION_CONDITIONS = DEBUG;
				SWIFT_OPTIMIZATION_LEVEL = "-Onone";
			};
			name = Debug;
		};
		7FC5CB03292A0B09000D228A /* Release */ = {
			isa = XCBuildConfiguration;
			buildSettings = {
				ALWAYS_SEARCH_USER_PATHS = NO;
				CLANG_ANALYZER_NONNULL = YES;
				CLANG_ANALYZER_NUMBER_OBJECT_CONVERSION = YES_AGGRESSIVE;
				CLANG_CXX_LANGUAGE_STANDARD = "gnu++20";
				CLANG_ENABLE_MODULES = YES;
				CLANG_ENABLE_OBJC_ARC = YES;
				CLANG_ENABLE_OBJC_WEAK = YES;
				CLANG_WARN_BLOCK_CAPTURE_AUTORELEASING = YES;
				CLANG_WARN_BOOL_CONVERSION = YES;
				CLANG_WARN_COMMA = YES;
				CLANG_WARN_CONSTANT_CONVERSION = YES;
				CLANG_WARN_DEPRECATED_OBJC_IMPLEMENTATIONS = YES;
				CLANG_WARN_DIRECT_OBJC_ISA_USAGE = YES_ERROR;
				CLANG_WARN_DOCUMENTATION_COMMENTS = YES;
				CLANG_WARN_EMPTY_BODY = YES;
				CLANG_WARN_ENUM_CONVERSION = YES;
				CLANG_WARN_INFINITE_RECURSION = YES;
				CLANG_WARN_INT_CONVERSION = YES;
				CLANG_WARN_NON_LITERAL_NULL_CONVERSION = YES;
				CLANG_WARN_OBJC_IMPLICIT_RETAIN_SELF = YES;
				CLANG_WARN_OBJC_LITERAL_CONVERSION = YES;
				CLANG_WARN_OBJC_ROOT_CLASS = YES_ERROR;
				CLANG_WARN_QUOTED_INCLUDE_IN_FRAMEWORK_HEADER = YES;
				CLANG_WARN_RANGE_LOOP_ANALYSIS = YES;
				CLANG_WARN_STRICT_PROTOTYPES = YES;
				CLANG_WARN_SUSPICIOUS_MOVE = YES;
				CLANG_WARN_UNGUARDED_AVAILABILITY = YES_AGGRESSIVE;
				CLANG_WARN_UNREACHABLE_CODE = YES;
				CLANG_WARN__DUPLICATE_METHOD_MATCH = YES;
				COPY_PHASE_STRIP = NO;
				DEBUG_INFORMATION_FORMAT = "dwarf-with-dsym";
				ENABLE_NS_ASSERTIONS = NO;
				ENABLE_STRICT_OBJC_MSGSEND = YES;
				GCC_C_LANGUAGE_STANDARD = gnu11;
				GCC_NO_COMMON_BLOCKS = YES;
				GCC_WARN_64_TO_32_BIT_CONVERSION = YES;
				GCC_WARN_ABOUT_RETURN_TYPE = YES_ERROR;
				GCC_WARN_UNDECLARED_SELECTOR = YES;
				GCC_WARN_UNINITIALIZED_AUTOS = YES_AGGRESSIVE;
				GCC_WARN_UNUSED_FUNCTION = YES;
				GCC_WARN_UNUSED_VARIABLE = YES;
				IPHONEOS_DEPLOYMENT_TARGET = 11.0;
				MTL_ENABLE_DEBUG_INFO = NO;
				MTL_FAST_MATH = YES;
				SDKROOT = iphoneos;
				SWIFT_COMPILATION_MODE = wholemodule;
				SWIFT_OPTIMIZATION_LEVEL = "-O";
				VALIDATE_PRODUCT = YES;
			};
			name = Release;
		};
		7FC5CB05292A0B09000D228A /* Debug */ = {
			isa = XCBuildConfiguration;
			baseConfigurationReference = 54F744207208F354C42CFE8E /* Pods-CRS.debug.xcconfig */;
			buildSettings = {
				ASSETCATALOG_COMPILER_APPICON_NAME = AppIcon;
				ASSETCATALOG_COMPILER_GLOBAL_ACCENT_COLOR_NAME = AccentColor;
				CODE_SIGN_STYLE = Automatic;
				CURRENT_PROJECT_VERSION = 1;
				DEVELOPMENT_TEAM = 8632GR7884;
				GENERATE_INFOPLIST_FILE = YES;
				INFOPLIST_FILE = CRS/Info.plist;
				INFOPLIST_KEY_LSApplicationCategoryType = "public.app-category.business";
				INFOPLIST_KEY_UIApplicationSupportsIndirectInputEvents = YES;
				INFOPLIST_KEY_UILaunchStoryboardName = LaunchScreen.storyboard;
				INFOPLIST_KEY_UIMainStoryboardFile = "";
				INFOPLIST_KEY_UISupportedInterfaceOrientations = UIInterfaceOrientationPortrait;
				IPHONEOS_DEPLOYMENT_TARGET = 13.0;
				LD_RUNPATH_SEARCH_PATHS = (
					"$(inherited)",
					"@executable_path/Frameworks",
				);
				MARKETING_VERSION = 1.0;
				PRODUCT_BUNDLE_IDENTIFIER = com.Solution.CRS;
				PRODUCT_NAME = "$(TARGET_NAME)";
				SWIFT_EMIT_LOC_STRINGS = YES;
				SWIFT_VERSION = 5.0;
				TARGETED_DEVICE_FAMILY = "1,2";
			};
			name = Debug;
		};
		7FC5CB06292A0B09000D228A /* Release */ = {
			isa = XCBuildConfiguration;
			baseConfigurationReference = 849068A3A194DEAB507C57D3 /* Pods-CRS.release.xcconfig */;
			buildSettings = {
				ASSETCATALOG_COMPILER_APPICON_NAME = AppIcon;
				ASSETCATALOG_COMPILER_GLOBAL_ACCENT_COLOR_NAME = AccentColor;
				CODE_SIGN_STYLE = Automatic;
				CURRENT_PROJECT_VERSION = 1;
				DEVELOPMENT_TEAM = 8632GR7884;
				GENERATE_INFOPLIST_FILE = YES;
				INFOPLIST_FILE = CRS/Info.plist;
				INFOPLIST_KEY_LSApplicationCategoryType = "public.app-category.business";
				INFOPLIST_KEY_UIApplicationSupportsIndirectInputEvents = YES;
				INFOPLIST_KEY_UILaunchStoryboardName = LaunchScreen.storyboard;
				INFOPLIST_KEY_UIMainStoryboardFile = "";
				INFOPLIST_KEY_UISupportedInterfaceOrientations = UIInterfaceOrientationPortrait;
				IPHONEOS_DEPLOYMENT_TARGET = 13.0;
				LD_RUNPATH_SEARCH_PATHS = (
					"$(inherited)",
					"@executable_path/Frameworks",
				);
				MARKETING_VERSION = 1.0;
				PRODUCT_BUNDLE_IDENTIFIER = com.Solution.CRS;
				PRODUCT_NAME = "$(TARGET_NAME)";
				SWIFT_EMIT_LOC_STRINGS = YES;
				SWIFT_VERSION = 5.0;
				TARGETED_DEVICE_FAMILY = "1,2";
			};
			name = Release;
		};
		7FC5CB08292A0B09000D228A /* Debug */ = {
			isa = XCBuildConfiguration;
			baseConfigurationReference = 0E48B748772BC7EFF8BF15EE /* Pods-CRSTests.debug.xcconfig */;
			buildSettings = {
				ALWAYS_EMBED_SWIFT_STANDARD_LIBRARIES = YES;
				BUNDLE_LOADER = "$(TEST_HOST)";
				CODE_SIGN_STYLE = Automatic;
				CURRENT_PROJECT_VERSION = 1;
				DEVELOPMENT_TEAM = 8632GR7884;
				GENERATE_INFOPLIST_FILE = YES;
				IPHONEOS_DEPLOYMENT_TARGET = 16.1;
				MARKETING_VERSION = 1.0;
				PRODUCT_BUNDLE_IDENTIFIER = com.Solution.CRSTests;
				PRODUCT_NAME = "$(TARGET_NAME)";
				SWIFT_EMIT_LOC_STRINGS = NO;
				SWIFT_VERSION = 5.0;
				TARGETED_DEVICE_FAMILY = "1,2";
				TEST_HOST = "$(BUILT_PRODUCTS_DIR)/CRS.app/$(BUNDLE_EXECUTABLE_FOLDER_PATH)/CRS";
			};
			name = Debug;
		};
		7FC5CB09292A0B09000D228A /* Release */ = {
			isa = XCBuildConfiguration;
			baseConfigurationReference = A7C84B17C549CE972B33B00B /* Pods-CRSTests.release.xcconfig */;
			buildSettings = {
				ALWAYS_EMBED_SWIFT_STANDARD_LIBRARIES = YES;
				BUNDLE_LOADER = "$(TEST_HOST)";
				CODE_SIGN_STYLE = Automatic;
				CURRENT_PROJECT_VERSION = 1;
				DEVELOPMENT_TEAM = 8632GR7884;
				GENERATE_INFOPLIST_FILE = YES;
				IPHONEOS_DEPLOYMENT_TARGET = 16.1;
				MARKETING_VERSION = 1.0;
				PRODUCT_BUNDLE_IDENTIFIER = com.Solution.CRSTests;
				PRODUCT_NAME = "$(TARGET_NAME)";
				SWIFT_EMIT_LOC_STRINGS = NO;
				SWIFT_VERSION = 5.0;
				TARGETED_DEVICE_FAMILY = "1,2";
				TEST_HOST = "$(BUILT_PRODUCTS_DIR)/CRS.app/$(BUNDLE_EXECUTABLE_FOLDER_PATH)/CRS";
			};
			name = Release;
		};
		7FC5CB0B292A0B09000D228A /* Debug */ = {
			isa = XCBuildConfiguration;
			baseConfigurationReference = F8549A5794E1DBFA5B504783 /* Pods-CRS-CRSUITests.debug.xcconfig */;
			buildSettings = {
				ALWAYS_EMBED_SWIFT_STANDARD_LIBRARIES = YES;
				CODE_SIGN_STYLE = Automatic;
				CURRENT_PROJECT_VERSION = 1;
				DEVELOPMENT_TEAM = 8632GR7884;
				GENERATE_INFOPLIST_FILE = YES;
				MARKETING_VERSION = 1.0;
				PRODUCT_BUNDLE_IDENTIFIER = com.Solution.CRSUITests;
				PRODUCT_NAME = "$(TARGET_NAME)";
				SWIFT_EMIT_LOC_STRINGS = NO;
				SWIFT_VERSION = 5.0;
				TARGETED_DEVICE_FAMILY = "1,2";
				TEST_TARGET_NAME = CRS;
			};
			name = Debug;
		};
		7FC5CB0C292A0B09000D228A /* Release */ = {
			isa = XCBuildConfiguration;
			baseConfigurationReference = CCA8FAF5913DD68B1A6FA4D5 /* Pods-CRS-CRSUITests.release.xcconfig */;
			buildSettings = {
				ALWAYS_EMBED_SWIFT_STANDARD_LIBRARIES = YES;
				CODE_SIGN_STYLE = Automatic;
				CURRENT_PROJECT_VERSION = 1;
				DEVELOPMENT_TEAM = 8632GR7884;
				GENERATE_INFOPLIST_FILE = YES;
				MARKETING_VERSION = 1.0;
				PRODUCT_BUNDLE_IDENTIFIER = com.Solution.CRSUITests;
				PRODUCT_NAME = "$(TARGET_NAME)";
				SWIFT_EMIT_LOC_STRINGS = NO;
				SWIFT_VERSION = 5.0;
				TARGETED_DEVICE_FAMILY = "1,2";
				TEST_TARGET_NAME = CRS;
			};
			name = Release;
		};
/* End XCBuildConfiguration section */

/* Begin XCConfigurationList section */
		7FC5CAD2292A0B07000D228A /* Build configuration list for PBXProject "CRS" */ = {
			isa = XCConfigurationList;
			buildConfigurations = (
				7FC5CB02292A0B09000D228A /* Debug */,
				7FC5CB03292A0B09000D228A /* Release */,
			);
			defaultConfigurationIsVisible = 0;
			defaultConfigurationName = Release;
		};
		7FC5CB04292A0B09000D228A /* Build configuration list for PBXNativeTarget "CRS" */ = {
			isa = XCConfigurationList;
			buildConfigurations = (
				7FC5CB05292A0B09000D228A /* Debug */,
				7FC5CB06292A0B09000D228A /* Release */,
			);
			defaultConfigurationIsVisible = 0;
			defaultConfigurationName = Release;
		};
		7FC5CB07292A0B09000D228A /* Build configuration list for PBXNativeTarget "CRSTests" */ = {
			isa = XCConfigurationList;
			buildConfigurations = (
				7FC5CB08292A0B09000D228A /* Debug */,
				7FC5CB09292A0B09000D228A /* Release */,
			);
			defaultConfigurationIsVisible = 0;
			defaultConfigurationName = Release;
		};
		7FC5CB0A292A0B09000D228A /* Build configuration list for PBXNativeTarget "CRSUITests" */ = {
			isa = XCConfigurationList;
			buildConfigurations = (
				7FC5CB0B292A0B09000D228A /* Debug */,
				7FC5CB0C292A0B09000D228A /* Release */,
			);
			defaultConfigurationIsVisible = 0;
			defaultConfigurationName = Release;
		};
/* End XCConfigurationList section */

/* Begin XCVersionGroup section */
		7FC5CAE3292A0B07000D228A /* CRS.xcdatamodeld */ = {
			isa = XCVersionGroup;
			children = (
				7FC5CAE4292A0B07000D228A /* CRS.xcdatamodel */,
			);
			currentVersion = 7FC5CAE4292A0B07000D228A /* CRS.xcdatamodel */;
			path = CRS.xcdatamodeld;
			sourceTree = "<group>";
			versionGroupType = wrapper.xcdatamodel;
		};
/* End XCVersionGroup section */
	};
	rootObject = 7FC5CACF292A0B07000D228A /* Project object */;
}
